
Microsoft Visual Studio Solution File, Format Version 12.00
# Visual Studio Version 16
VisualStudioVersion = 16.0.31624.102
MinimumVisualStudioVersion = 10.0.40219.1
Project("{9A19103F-16F7-4668-BE54-9A1E7A4F7556}") = "DataAccess", "DataAccess\DataAccess.csproj", "{4A14A205-FCC6-4ECE-91C5-6228D8EB2777}"
EndProject
Project("{9A19103F-16F7-4668-BE54-9A1E7A4F7556}") = "Business", "Business\Business.csproj", "{A844175C-6279-48F4-93A9-C804020D8E8B}"
EndProject
Project("{9A19103F-16F7-4668-BE54-9A1E7A4F7556}") = "Entities", "Entities\Entities.csproj", "{687458B5-4F9A-4400-9A81-9459538A135D}"
EndProject
Project("{9A19103F-16F7-4668-BE54-9A1E7A4F7556}") = "Core", "Core\Core.csproj", "{E04C9D6F-A83C-4607-834A-F6201495310F}"
EndProject
Project("{9A19103F-16F7-4668-BE54-9A1E7A4F7556}") = "Consoleuı", "ConsoleApp1\Consoleuı.csproj", "{E44A556A-951B-4BA0-992C-28BC6E63643D}"
EndProject
Project("{9A19103F-16F7-4668-BE54-9A1E7A4F7556}") = "WebAPI", "WebAPI\WebAPI.csproj", "{571EBCFA-6382-4A7B-A9BB-FA3FC70FE07D}"
EndProject
Project("{9A19103F-16F7-4668-BE54-9A1E7A4F7556}") = "DevExtremeUI", "DevExtremeUI\DevExtremeUI.csproj", "{A616F11D-9FA7-4730-911B-D3FC782258BE}"
EndProject
Project("{2150E333-8FDC-42A3-9474-1A3956D46DE8}") = "DevExtreme NuGet.config", "DevExtreme NuGet.config", "{AB5CDC73-7D88-4217-8D5D-10F90DA06367}"
	ProjectSection(SolutionItems) = preProject
		NuGet.config = NuGet.config
	EndProjectSection
EndProject
Global
	GlobalSection(SolutionConfigurationPlatforms) = preSolution
		Debug|Any CPU = Debug|Any CPU
		Release|Any CPU = Release|Any CPU
	EndGlobalSection
	GlobalSection(ProjectConfigurationPlatforms) = postSolution
		{4A14A205-FCC6-4ECE-91C5-6228D8EB2777}.Debug|Any CPU.ActiveCfg = Debug|Any CPU
		{4A14A205-FCC6-4ECE-91C5-6228D8EB2777}.Debug|Any CPU.Build.0 = Debug|Any CPU
		{4A14A205-FCC6-4ECE-91C5-6228D8EB2777}.Release|Any CPU.ActiveCfg = Release|Any CPU
		{4A14A205-FCC6-4ECE-91C5-6228D8EB2777}.Release|Any CPU.Build.0 = Release|Any CPU
		{A844175C-6279-48F4-93A9-C804020D8E8B}.Debug|Any CPU.ActiveCfg = Debug|Any CPU
		{A844175C-6279-48F4-93A9-C804020D8E8B}.Debug|Any CPU.Build.0 = Debug|Any CPU
		{A844175C-6279-48F4-93A9-C804020D8E8B}.Release|Any CPU.ActiveCfg = Release|Any CPU
		{A844175C-6279-48F4-93A9-C804020D8E8B}.Release|Any CPU.Build.0 = Release|Any CPU
		{687458B5-4F9A-4400-9A81-9459538A135D}.Debug|Any CPU.ActiveCfg = Debug|Any CPU
		{687458B5-4F9A-4400-9A81-9459538A135D}.Debug|Any CPU.Build.0 = Debug|Any CPU
		{687458B5-4F9A-4400-9A81-9459538A135D}.Release|Any CPU.ActiveCfg = Release|Any CPU
		{687458B5-4F9A-4400-9A81-9459538A135D}.Release|Any CPU.Build.0 = Release|Any CPU
		{E04C9D6F-A83C-4607-834A-F6201495310F}.Debug|Any CPU.ActiveCfg = Debug|Any CPU
		{E04C9D6F-A83C-4607-834A-F6201495310F}.Debug|Any CPU.Build.0 = Debug|Any CPU
		{E04C9D6F-A83C-4607-834A-F6201495310F}.Release|Any CPU.ActiveCfg = Release|Any CPU
		{E04C9D6F-A83C-4607-834A-F6201495310F}.Release|Any CPU.Build.0 = Release|Any CPU
		{E44A556A-951B-4BA0-992C-28BC6E63643D}.Debug|Any CPU.ActiveCfg = Debug|Any CPU
		{E44A556A-951B-4BA0-992C-28BC6E63643D}.Debug|Any CPU.Build.0 = Debug|Any CPU
		{E44A556A-951B-4BA0-992C-28BC6E63643D}.Release|Any CPU.ActiveCfg = Release|Any CPU
		{E44A556A-951B-4BA0-992C-28BC6E63643D}.Release|Any CPU.Build.0 = Release|Any CPU
		{571EBCFA-6382-4A7B-A9BB-FA3FC70FE07D}.Debug|Any CPU.ActiveCfg = Debug|Any CPU
		{571EBCFA-6382-4A7B-A9BB-FA3FC70FE07D}.Debug|Any CPU.Build.0 = Debug|Any CPU
		{571EBCFA-6382-4A7B-A9BB-FA3FC70FE07D}.Release|Any CPU.ActiveCfg = Release|Any CPU
		{571EBCFA-6382-4A7B-A9BB-FA3FC70FE07D}.Release|Any CPU.Build.0 = Release|Any CPU
		{A616F11D-9FA7-4730-911B-D3FC782258BE}.Debug|Any CPU.ActiveCfg = Debug|Any CPU
		{A616F11D-9FA7-4730-911B-D3FC782258BE}.Debug|Any CPU.Build.0 = Debug|Any CPU
		{A616F11D-9FA7-4730-911B-D3FC782258BE}.Release|Any CPU.ActiveCfg = Release|Any CPU
		{A616F11D-9FA7-4730-911B-D3FC782258BE}.Release|Any CPU.Build.0 = Release|Any CPU
	EndGlobalSection
	GlobalSection(SolutionProperties) = preSolution
		HideSolutionNode = FALSE
	EndGlobalSection
	GlobalSection(ExtensibilityGlobals) = postSolution
		SolutionGuid = {FB7CF802-16EE-4FDB-8F53-F4E906FCBF9C}
	EndGlobalSection
EndGlobal
